{
  "name": "@amgsus/hub-client-cli",
  "version": "0.1.0",
  "lockfileVersion": 2,
  "requires": true,
  "packages": {
    "": {
      "name": "@amgsus/hub-client-cli",
      "version": "0.1.0",
      "license": "MIT",
      "dependencies": {
        "@amgsus/hub-client": "^0.1.0",
        "colors": "^1.4.0",
        "commander": "^8.2.0"
      },
      "bin": {
        "hubc-cli": "index.mjs"
      }
    },
    "node_modules/@amgsus/hub-client": {
      "version": "0.1.0",
      "resolved": "https://registry.npmjs.org/@amgsus/hub-client/-/hub-client-0.1.0.tgz",
      "integrity": "sha512-fdW4/PKzYCu2d0oaad+b7ppf11LxKNLrUZN8URoMYscePyadbxskfOhxsfypo+aCfARllVFdGP5QWrBKtqFGeg=="
    },
    "node_modules/colors": {
      "version": "1.4.0",
      "resolved": "https://registry.npmjs.org/colors/-/colors-1.4.0.tgz",
      "integrity": "sha512-a+UqTh4kgZg/SlGvfbzDHpgRu7AAQOmmqRHJnxhRZICKFUT91brVhNNt58CMWU9PsBbv3PDCZUHbVxuDiH2mtA==",
      "engines": {
        "node": ">=0.1.90"
      }
    },
    "node_modules/commander": {
      "version": "8.2.0",
      "resolved": "https://registry.npmjs.org/commander/-/commander-8.2.0.tgz",
      "integrity": "sha512-LLKxDvHeL91/8MIyTAD5BFMNtoIwztGPMiM/7Bl8rIPmHCZXRxmSWr91h57dpOpnQ6jIUqEWdXE/uBYMfiVZDA==",
      "engines": {
        "node": ">= 12"
      }
    }
  },
  "dependencies": {
    "@amgsus/hub-client": {
      "version": "0.1.0",
      "resolved": "https://registry.npmjs.org/@amgsus/hub-client/-/hub-client-0.1.0.tgz",
      "integrity": "sha512-fdW4/PKzYCu2d0oaad+b7ppf11LxKNLrUZN8URoMYscePyadbxskfOhxsfypo+aCfARllVFdGP5QWrBKtqFGeg=="
    },
    "colors": {
      "version": "1.4.0",
      "resolved": "https://registry.npmjs.org/colors/-/colors-1.4.0.tgz",
      "integrity": "sha512-a+UqTh4kgZg/SlGvfbzDHpgRu7AAQOmmqRHJnxhRZICKFUT91brVhNNt58CMWU9PsBbv3PDCZUHbVxuDiH2mtA=="
    },
    "commander": {
      "version": "8.2.0",
      "resolved": "https://registry.npmjs.org/commander/-/commander-8.2.0.tgz",
      "integrity": "sha512-LLKxDvHeL91/8MIyTAD5BFMNtoIwztGPMiM/7Bl8rIPmHCZXRxmSWr91h57dpOpnQ6jIUqEWdXE/uBYMfiVZDA=="
    }
  }
}
